
Microsoft Visual Studio Solution File, Format Version 12.00
# Visual Studio 15
VisualStudioVersion = 15.0.27428.2002
MinimumVisualStudioVersion = 10.0.40219.1
Project("{FAE04EC0-301F-11D3-BF4B-00C04F79EFBC}") = "IdentityServerDemo", "IdentityServerDemo\IdentityServerDemo.csproj", "{622C855F-7AE3-4F62-BFC1-9BE1654FC67B}"
EndProject
Project("{FAE04EC0-301F-11D3-BF4B-00C04F79EFBC}") = "IdentityServerClient", "IdentityServerClient\IdentityServerClient.csproj", "{DC107682-5011-49B9-A74D-2DB3A8A29BCA}"
EndProject
Project("{FAE04EC0-301F-11D3-BF4B-00C04F79EFBC}") = "IdentityApi", "IdentityApi\IdentityApi.csproj", "{710E1A2E-9327-4EC1-844B-C483586DFCA4}"
EndProject
Global
	GlobalSection(SolutionConfigurationPlatforms) = preSolution
		Debug|Any CPU = Debug|Any CPU
		Release|Any CPU = Release|Any CPU
	EndGlobalSection
	GlobalSection(ProjectConfigurationPlatforms) = postSolution
		{622C855F-7AE3-4F62-BFC1-9BE1654FC67B}.Debug|Any CPU.ActiveCfg = Debug|Any CPU
		{622C855F-7AE3-4F62-BFC1-9BE1654FC67B}.Debug|Any CPU.Build.0 = Debug|Any CPU
		{622C855F-7AE3-4F62-BFC1-9BE1654FC67B}.Release|Any CPU.ActiveCfg = Release|Any CPU
		{622C855F-7AE3-4F62-BFC1-9BE1654FC67B}.Release|Any CPU.Build.0 = Release|Any CPU
		{DC107682-5011-49B9-A74D-2DB3A8A29BCA}.Debug|Any CPU.ActiveCfg = Debug|Any CPU
		{DC107682-5011-49B9-A74D-2DB3A8A29BCA}.Debug|Any CPU.Build.0 = Debug|Any CPU
		{DC107682-5011-49B9-A74D-2DB3A8A29BCA}.Release|Any CPU.ActiveCfg = Release|Any CPU
		{DC107682-5011-49B9-A74D-2DB3A8A29BCA}.Release|Any CPU.Build.0 = Release|Any CPU
		{710E1A2E-9327-4EC1-844B-C483586DFCA4}.Debug|Any CPU.ActiveCfg = Debug|Any CPU
		{710E1A2E-9327-4EC1-844B-C483586DFCA4}.Debug|Any CPU.Build.0 = Debug|Any CPU
		{710E1A2E-9327-4EC1-844B-C483586DFCA4}.Release|Any CPU.ActiveCfg = Release|Any CPU
		{710E1A2E-9327-4EC1-844B-C483586DFCA4}.Release|Any CPU.Build.0 = Release|Any CPU
	EndGlobalSection
	GlobalSection(SolutionProperties) = preSolution
		HideSolutionNode = FALSE
	EndGlobalSection
	GlobalSection(ExtensibilityGlobals) = postSolution
		SolutionGuid = {811AD825-4540-4935-8C2C-AE86BB10F72A}
	EndGlobalSection
EndGlobal
